
Microsoft Visual Studio Solution File, Format Version 12.00
# Visual Studio Version 17
VisualStudioVersion = 17.14.36401.2
MinimumVisualStudioVersion = 10.0.40219.1
Project("{FAE04EC0-301F-11D3-BF4B-00C04F79EFBC}") = "PRG282_SuperHeroProject", "AddSuperhero\PRG282_SuperHeroProject.csproj", "{B870C681-0B0D-4B65-B0AC-18565B02DDB3}"
EndProject
Global
	GlobalSection(SolutionConfigurationPlatforms) = preSolution
		Debug|Any CPU = Debug|Any CPU
		Release|Any CPU = Release|Any CPU
	EndGlobalSection
	GlobalSection(ProjectConfigurationPlatforms) = postSolution
		{B870C681-0B0D-4B65-B0AC-18565B02DDB3}.Debug|Any CPU.ActiveCfg = Debug|Any CPU
		{B870C681-0B0D-4B65-B0AC-18565B02DDB3}.Debug|Any CPU.Build.0 = Debug|Any CPU
		{B870C681-0B0D-4B65-B0AC-18565B02DDB3}.Release|Any CPU.ActiveCfg = Release|Any CPU
		{B870C681-0B0D-4B65-B0AC-18565B02DDB3}.Release|Any CPU.Build.0 = Release|Any CPU
	EndGlobalSection
	GlobalSection(SolutionProperties) = preSolution
		HideSolutionNode = FALSE
	EndGlobalSection
	GlobalSection(ExtensibilityGlobals) = postSolution
		SolutionGuid = {4CA8390D-0432-4207-B4B8-9A352B8BB067}
	EndGlobalSection
EndGlobal
